// !$*UTF8*$!
{
	archiveVersion = 1;
	classes = {
	};
	objectVersion = 50;
	objects = {

/* Begin PBXBuildFile section */
		18FAEB2B22B80C5600A93250 /* AppDelegate.swift in Sources */ = {isa = PBXBuildFile; fileRef = 18FAEB2A22B80C5600A93250 /* AppDelegate.swift */; };
		18FAEB2D22B80C5600A93250 /* ViewController.swift in Sources */ = {isa = PBXBuildFile; fileRef = 18FAEB2C22B80C5600A93250 /* ViewController.swift */; };
		18FAEB3022B80C5600A93250 /* Main.storyboard in Resources */ = {isa = PBXBuildFile; fileRef = 18FAEB2E22B80C5600A93250 /* Main.storyboard */; };
		18FAEB3222B80C5900A93250 /* Assets.xcassets in Resources */ = {isa = PBXBuildFile; fileRef = 18FAEB3122B80C5900A93250 /* Assets.xcassets */; };
		18FAEB3522B80C5900A93250 /* LaunchScreen.storyboard in Resources */ = {isa = PBXBuildFile; fileRef = 18FAEB3322B80C5900A93250 /* LaunchScreen.storyboard */; };
		18FAEB4022B80C5900A93250 /* Git_PracticeTests.swift in Sources */ = {isa = PBXBuildFile; fileRef = 18FAEB3F22B80C5900A93250 /* Git_PracticeTests.swift */; };
		18FAEB4B22B80C5900A93250 /* Git_PracticeUITests.swift in Sources */ = {isa = PBXBuildFile; fileRef = 18FAEB4A22B80C5900A93250 /* Git_PracticeUITests.swift */; };
/* End PBXBuildFile section */

/* Begin PBXContainerItemProxy section */
		18FAEB3C22B80C5900A93250 /* PBXContainerItemProxy */ = {
			isa = PBXContainerItemProxy;
			containerPortal = 18FAEB1F22B80C5600A93250 /* Project object */;
			proxyType = 1;
			remoteGlobalIDString = 18FAEB2622B80C5600A93250;
			remoteInfo = "Git-Practice";
		};
		18FAEB4722B80C5900A93250 /* PBXContainerItemProxy */ = {
			isa = PBXContainerItemProxy;
			containerPortal = 18FAEB1F22B80C5600A93250 /* Project object */;
			proxyType = 1;
			remoteGlobalIDString = 18FAEB2622B80C5600A93250;
			remoteInfo = "Git-Practice";
		};
/* End PBXContainerItemProxy section */

/* Begin PBXFileReference section */
		18FAEB2722B80C5600A93250 /* Git-Practice.app */ = {isa = PBXFileReference; explicitFileType = wrapper.application; includeInIndex = 0; path = "Git-Practice.app"; sourceTree = BUILT_PRODUCTS_DIR; };
		18FAEB2A22B80C5600A93250 /* AppDelegate.swift */ = {isa = PBXFileReference; lastKnownFileType = sourcecode.swift; path = AppDelegate.swift; sourceTree = "<group>"; };
		18FAEB2C22B80C5600A93250 /* ViewController.swift */ = {isa = PBXFileReference; lastKnownFileType = sourcecode.swift; path = ViewController.swift; sourceTree = "<group>"; };
		18FAEB2F22B80C5600A93250 /* Base */ = {isa = PBXFileReference; lastKnownFileType = file.storyboard; name = Base; path = Base.lproj/Main.storyboard; sourceTree = "<group>"; };
		18FAEB3122B80C5900A93250 /* Assets.xcassets */ = {isa = PBXFileReference; lastKnownFileType = folder.assetcatalog; path = Assets.xcassets; sourceTree = "<group>"; };
		18FAEB3422B80C5900A93250 /* Base */ = {isa = PBXFileReference; lastKnownFileType = file.storyboard; name = Base; path = Base.lproj/LaunchScreen.storyboard; sourceTree = "<group>"; };
		18FAEB3622B80C5900A93250 /* Info.plist */ = {isa = PBXFileReference; lastKnownFileType = text.plist.xml; path = Info.plist; sourceTree = "<group>"; };
		18FAEB3B22B80C5900A93250 /* Git-PracticeTests.xctest */ = {isa = PBXFileReference; explicitFileType = wrapper.cfbundle; includeInIndex = 0; path = "Git-PracticeTests.xctest"; sourceTree = BUILT_PRODUCTS_DIR; };
		18FAEB3F22B80C5900A93250 /* Git_PracticeTests.swift */ = {isa = PBXFileReference; lastKnownFileType = sourcecode.swift; path = Git_PracticeTests.swift; sourceTree = "<group>"; };
		18FAEB4122B80C5900A93250 /* Info.plist */ = {isa = PBXFileReference; lastKnownFileType = text.plist.xml; path = Info.plist; sourceTree = "<group>"; };
		18FAEB4622B80C5900A93250 /* Git-PracticeUITests.xctest */ = {isa = PBXFileReference; explicitFileType = wrapper.cfbundle; includeInIndex = 0; path = "Git-PracticeUITests.xctest"; sourceTree = BUILT_PRODUCTS_DIR; };
		18FAEB4A22B80C5900A93250 /* Git_PracticeUITests.swift */ = {isa = PBXFileReference; lastKnownFileType = sourcecode.swift; path = Git_PracticeUITests.swift; sourceTree = "<group>"; };
		18FAEB4C22B80C5900A93250 /* Info.plist */ = {isa = PBXFileReference; lastKnownFileType = text.plist.xml; path = Info.plist; sourceTree = "<group>"; };
/* End PBXFileReference section */

/* Begin PBXFrameworksBuildPhase section */
		18FAEB2422B80C5600A93250 /* Frameworks */ = {
			isa = PBXFrameworksBuildPhase;
			buildActionMask = 2147483647;
			files = (
			);
			runOnlyForDeploymentPostprocessing = 0;
		};
		18FAEB3822B80C5900A93250 /* Frameworks */ = {
			isa = PBXFrameworksBuildPhase;
			buildActionMask = 2147483647;
			files = (
			);
			runOnlyForDeploymentPostprocessing = 0;
		};
		18FAEB4322B80C5900A93250 /* Frameworks */ = {
			isa = PBXFrameworksBuildPhase;
			buildActionMask = 2147483647;
			files = (
			);
			runOnlyForDeploymentPostprocessing = 0;
		};
/* End PBXFrameworksBuildPhase section */

/* Begin PBXGroup section */
		18FAEB1E22B80C5600A93250 = {
			isa = PBXGroup;
			children = (
				18FAEB2922B80C5600A93250 /* Git-Practice */,
				18FAEB3E22B80C5900A93250 /* Git-PracticeTests */,
				18FAEB4922B80C5900A93250 /* Git-PracticeUITests */,
				18FAEB2822B80C5600A93250 /* Products */,
			);
			sourceTree = "<group>";
		};
		18FAEB2822B80C5600A93250 /* Products */ = {
			isa = PBXGroup;
			children = (
				18FAEB2722B80C5600A93250 /* Git-Practice.app */,
				18FAEB3B22B80C5900A93250 /* Git-PracticeTests.xctest */,
				18FAEB4622B80C5900A93250 /* Git-PracticeUITests.xctest */,
			);
			name = Products;
			sourceTree = "<group>";
		};
		18FAEB2922B80C5600A93250 /* Git-Practice */ = {
			isa = PBXGroup;
			children = (
				18FAEB2A22B80C5600A93250 /* AppDelegate.swift */,
				18FAEB2C22B80C5600A93250 /* ViewController.swift */,
				18FAEB2E22B80C5600A93250 /* Main.storyboard */,
				18FAEB3122B80C5900A93250 /* Assets.xcassets */,
				18FAEB3322B80C5900A93250 /* LaunchScreen.storyboard */,
				18FAEB3622B80C5900A93250 /* Info.plist */,
			);
			path = "Git-Practice";
			sourceTree = "<group>";
		};
		18FAEB3E22B80C5900A93250 /* Git-PracticeTests */ = {
			isa = PBXGroup;
			children = (
				18FAEB3F22B80C5900A93250 /* Git_PracticeTests.swift */,
				18FAEB4122B80C5900A93250 /* Info.plist */,
			);
			path = "Git-PracticeTests";
			sourceTree = "<group>";
		};
		18FAEB4922B80C5900A93250 /* Git-PracticeUITests */ = {
			isa = PBXGroup;
			children = (
				18FAEB4A22B80C5900A93250 /* Git_PracticeUITests.swift */,
				18FAEB4C22B80C5900A93250 /* Info.plist */,
			);
			path = "Git-PracticeUITests";
			sourceTree = "<group>";
		};
/* End PBXGroup section */

/* Begin PBXNativeTarget section */
		18FAEB2622B80C5600A93250 /* Git-Practice */ = {
			isa = PBXNativeTarget;
			buildConfigurationList = 18FAEB4F22B80C5900A93250 /* Build configuration list for PBXNativeTarget "Git-Practice" */;
			buildPhases = (
				18FAEB2322B80C5600A93250 /* Sources */,
				18FAEB2422B80C5600A93250 /* Frameworks */,
				18FAEB2522B80C5600A93250 /* Resources */,
			);
			buildRules = (
			);
			dependencies = (
			);
			name = "Git-Practice";
			productName = "Git-Practice";
			productReference = 18FAEB2722B80C5600A93250 /* Git-Practice.app */;
			productType = "com.apple.product-type.application";
		};
		18FAEB3A22B80C5900A93250 /* Git-PracticeTests */ = {
			isa = PBXNativeTarget;
			buildConfigurationList = 18FAEB5222B80C5900A93250 /* Build configuration list for PBXNativeTarget "Git-PracticeTests" */;
			buildPhases = (
				18FAEB3722B80C5900A93250 /* Sources */,
				18FAEB3822B80C5900A93250 /* Frameworks */,
				18FAEB3922B80C5900A93250 /* Resources */,
			);
			buildRules = (
			);
			dependencies = (
				18FAEB3D22B80C5900A93250 /* PBXTargetDependency */,
			);
			name = "Git-PracticeTests";
			productName = "Git-PracticeTests";
			productReference = 18FAEB3B22B80C5900A93250 /* Git-PracticeTests.xctest */;
			productType = "com.apple.product-type.bundle.unit-test";
		};
		18FAEB4522B80C5900A93250 /* Git-PracticeUITests */ = {
			isa = PBXNativeTarget;
			buildConfigurationList = 18FAEB5522B80C5900A93250 /* Build configuration list for PBXNativeTarget "Git-PracticeUITests" */;
			buildPhases = (
				18FAEB4222B80C5900A93250 /* Sources */,
				18FAEB4322B80C5900A93250 /* Frameworks */,
				18FAEB4422B80C5900A93250 /* Resources */,
			);
			buildRules = (
			);
			dependencies = (
				18FAEB4822B80C5900A93250 /* PBXTargetDependency */,
			);
			name = "Git-PracticeUITests";
			productName = "Git-PracticeUITests";
			productReference = 18FAEB4622B80C5900A93250 /* Git-PracticeUITests.xctest */;
			productType = "com.apple.product-type.bundle.ui-testing";
		};
/* End PBXNativeTarget section */

/* Begin PBXProject section */
		18FAEB1F22B80C5600A93250 /* Project object */ = {
			isa = PBXProject;
			attributes = {
				LastSwiftUpdateCheck = 1020;
				LastUpgradeCheck = 1020;
				ORGANIZATIONNAME = Apple;
				TargetAttributes = {
					18FAEB2622B80C5600A93250 = {
						CreatedOnToolsVersion = 10.2.1;
					};
					18FAEB3A22B80C5900A93250 = {
						CreatedOnToolsVersion = 10.2.1;
						TestTargetID = 18FAEB2622B80C5600A93250;
					};
					18FAEB4522B80C5900A93250 = {
						CreatedOnToolsVersion = 10.2.1;
						TestTargetID = 18FAEB2622B80C5600A93250;
					};
				};
			};
			buildConfigurationList = 18FAEB2222B80C5600A93250 /* Build configuration list for PBXProject "Git-Practice" */;
			compatibilityVersion = "Xcode 9.3";
			developmentRegion = en;
			hasScannedForEncodings = 0;
			knownRegions = (
				en,
				Base,
			);
			mainGroup = 18FAEB1E22B80C5600A93250;
			productRefGroup = 18FAEB2822B80C5600A93250 /* Products */;
			projectDirPath = "";
			projectRoot = "";
			targets = (
				18FAEB2622B80C5600A93250 /* Git-Practice */,
				18FAEB3A22B80C5900A93250 /* Git-PracticeTests */,
				18FAEB4522B80C5900A93250 /* Git-PracticeUITests */,
			);
		};
/* End PBXProject section */

/* Begin PBXResourcesBuildPhase section */
		18FAEB2522B80C5600A93250 /* Resources */ = {
			isa = PBXResourcesBuildPhase;
			buildActionMask = 2147483647;
			files = (
				18FAEB3522B80C5900A93250 /* LaunchScreen.storyboard in Resources */,
				18FAEB3222B80C5900A93250 /* Assets.xcassets in Resources */,
				18FAEB3022B80C5600A93250 /* Main.storyboard in Resources */,
			);
			runOnlyForDeploymentPostprocessing = 0;
		};
		18FAEB3922B80C5900A93250 /* Resources */ = {
			isa = PBXResourcesBuildPhase;
			buildActionMask = 2147483647;
			files = (
			);
			runOnlyForDeploymentPostprocessing = 0;
		};
		18FAEB4422B80C5900A93250 /* Resources */ = {
			isa = PBXResourcesBuildPhase;
			buildActionMask = 2147483647;
			files = (
			);
			runOnlyForDeploymentPostprocessing = 0;
		};
/* End PBXResourcesBuildPhase section */

/* Begin PBXSourcesBuildPhase section */
		18FAEB2322B80C5600A93250 /* Sources */ = {
			isa = PBXSourcesBuildPhase;
			buildActionMask = 2147483647;
			files = (
				18FAEB2D22B80C5600A93250 /* ViewController.swift in Sources */,
				18FAEB2B22B80C5600A93250 /* AppDelegate.swift in Sources */,
			);
			runOnlyForDeploymentPostprocessing = 0;
		};
		18FAEB3722B80C5900A93250 /* Sources */ = {
			isa = PBXSourcesBuildPhase;
			buildActionMask = 2147483647;
			files = (
				18FAEB4022B80C5900A93250 /* Git_PracticeTests.swift in Sources */,
			);
			runOnlyForDeploymentPostprocessing = 0;
		};
		18FAEB4222B80C5900A93250 /* Sources */ = {
			isa = PBXSourcesBuildPhase;
			buildActionMask = 2147483647;
			files = (
				18FAEB4B22B80C5900A93250 /* Git_PracticeUITests.swift in Sources */,
			);
			runOnlyForDeploymentPostprocessing = 0;
		};
/* End PBXSourcesBuildPhase section */

/* Begin PBXTargetDependency section */
		18FAEB3D22B80C5900A93250 /* PBXTargetDependency */ = {
			isa = PBXTargetDependency;
			target = 18FAEB2622B80C5600A93250 /* Git-Practice */;
			targetProxy = 18FAEB3C22B80C5900A93250 /* PBXContainerItemProxy */;
		};
		18FAEB4822B80C5900A93250 /* PBXTargetDependency */ = {
			isa = PBXTargetDependency;
			target = 18FAEB2622B80C5600A93250 /* Git-Practice */;
			targetProxy = 18FAEB4722B80C5900A93250 /* PBXContainerItemProxy */;
		};
/* End PBXTargetDependency section */

/* Begin PBXVariantGroup section */
		18FAEB2E22B80C5600A93250 /* Main.storyboard */ = {
			isa = PBXVariantGroup;
			children = (
				18FAEB2F22B80C5600A93250 /* Base */,
			);
			name = Main.storyboard;
			sourceTree = "<group>";
		};
		18FAEB3322B80C5900A93250 /* LaunchScreen.storyboard */ = {
			isa = PBXVariantGroup;
			children = (
				18FAEB3422B80C5900A93250 /* Base */,
			);
			name = LaunchScreen.storyboard;
			sourceTree = "<group>";
		};
/* End PBXVariantGroup section */

/* Begin XCBuildConfiguration section */
		18FAEB4D22B80C5900A93250 /* Debug */ = {
			isa = XCBuildConfiguration;
			buildSettings = {
				ALWAYS_SEARCH_USER_PATHS = NO;
				CLANG_ANALYZER_NONNULL = YES;
				CLANG_ANALYZER_NUMBER_OBJECT_CONVERSION = YES_AGGRESSIVE;
				CLANG_CXX_LANGUAGE_STANDARD = "gnu++14";
				CLANG_CXX_LIBRARY = "libc++";
				CLANG_ENABLE_MODULES = YES;
				CLANG_ENABLE_OBJC_ARC = YES;
				CLANG_ENABLE_OBJC_WEAK = YES;
				CLANG_WARN_BLOCK_CAPTURE_AUTORELEASING = YES;
				CLANG_WARN_BOOL_CONVERSION = YES;
				CLANG_WARN_COMMA = YES;
				CLANG_WARN_CONSTANT_CONVERSION = YES;
				CLANG_WARN_DEPRECATED_OBJC_IMPLEMENTATIONS = YES;
				CLANG_WARN_DIRECT_OBJC_ISA_USAGE = YES_ERROR;
				CLANG_WARN_DOCUMENTATION_COMMENTS = YES;
				CLANG_WARN_EMPTY_BODY = YES;
				CLANG_WARN_ENUM_CONVERSION = YES;
				CLANG_WARN_INFINITE_RECURSION = YES;
				CLANG_WARN_INT_CONVERSION = YES;
				CLANG_WARN_NON_LITERAL_NULL_CONVERSION = YES;
				CLANG_WARN_OBJC_IMPLICIT_RETAIN_SELF = YES;
				CLANG_WARN_OBJC_LITERAL_CONVERSION = YES;
				CLANG_WARN_OBJC_ROOT_CLASS = YES_ERROR;
				CLANG_WARN_RANGE_LOOP_ANALYSIS = YES;
				CLANG_WARN_STRICT_PROTOTYPES = YES;
				CLANG_WARN_SUSPICIOUS_MOVE = YES;
				CLANG_WARN_UNGUARDED_AVAILABILITY = YES_AGGRESSIVE;
				CLANG_WARN_UNREACHABLE_CODE = YES;
				CLANG_WARN__DUPLICATE_METHOD_MATCH = YES;
				CODE_SIGN_IDENTITY = "iPhone Developer";
				COPY_PHASE_STRIP = NO;
				DEBUG_INFORMATION_FORMAT = dwarf;
				ENABLE_STRICT_OBJC_MSGSEND = YES;
				ENABLE_TESTABILITY = YES;
				GCC_C_LANGUAGE_STANDARD = gnu11;
				GCC_DYNAMIC_NO_PIC = NO;
				GCC_NO_COMMON_BLOCKS = YES;
				GCC_OPTIMIZATION_LEVEL = 0;
				GCC_PREPROCESSOR_DEFINITIONS = (
					"DEBUG=1",
					"$(inherited)",
				);
				GCC_WARN_64_TO_32_BIT_CONVERSION = YES;
				GCC_WARN_ABOUT_RETURN_TYPE = YES_ERROR;
				GCC_WARN_UNDECLARED_SELECTOR = YES;
				GCC_WARN_UNINITIALIZED_AUTOS = YES_AGGRESSIVE;
				GCC_WARN_UNUSED_FUNCTION = YES;
				GCC_WARN_UNUSED_VARIABLE = YES;
				IPHONEOS_DEPLOYMENT_TARGET = 12.2;
				MTL_ENABLE_DEBUG_INFO = INCLUDE_SOURCE;
				MTL_FAST_MATH = YES;
				ONLY_ACTIVE_ARCH = YES;
				SDKROOT = iphoneos;
				SWIFT_ACTIVE_COMPILATION_CONDITIONS = DEBUG;
				SWIFT_OPTIMIZATION_LEVEL = "-Onone";
			};
			name = Debug;
		};
		18FAEB4E22B80C5900A93250 /* Release */ = {
			isa = XCBuildConfiguration;
			buildSettings = {
				ALWAYS_SEARCH_USER_PATHS = NO;
				CLANG_ANALYZER_NONNULL = YES;
				CLANG_ANALYZER_NUMBER_OBJECT_CONVERSION = YES_AGGRESSIVE;
				CLANG_CXX_LANGUAGE_STANDARD = "gnu++14";
				CLANG_CXX_LIBRARY = "libc++";
				CLANG_ENABLE_MODULES = YES;
				CLANG_ENABLE_OBJC_ARC = YES;
				CLANG_ENABLE_OBJC_WEAK = YES;
				CLANG_WARN_BLOCK_CAPTURE_AUTORELEASING = YES;
				CLANG_WARN_BOOL_CONVERSION = YES;
				CLANG_WARN_COMMA = YES;
				CLANG_WARN_CONSTANT_CONVERSION = YES;
				CLANG_WARN_DEPRECATED_OBJC_IMPLEMENTATIONS = YES;
				CLANG_WARN_DIRECT_OBJC_ISA_USAGE = YES_ERROR;
				CLANG_WARN_DOCUMENTATION_COMMENTS = YES;
				CLANG_WARN_EMPTY_BODY = YES;
				CLANG_WARN_ENUM_CONVERSION = YES;
				CLANG_WARN_INFINITE_RECURSION = YES;
				CLANG_WARN_INT_CONVERSION = YES;
				CLANG_WARN_NON_LITERAL_NULL_CONVERSION = YES;
				CLANG_WARN_OBJC_IMPLICIT_RETAIN_SELF = YES;
				CLANG_WARN_OBJC_LITERAL_CONVERSION = YES;
				CLANG_WARN_OBJC_ROOT_CLASS = YES_ERROR;
				CLANG_WARN_RANGE_LOOP_ANALYSIS = YES;
				CLANG_WARN_STRICT_PROTOTYPES = YES;
				CLANG_WARN_SUSPICIOUS_MOVE = YES;
				CLANG_WARN_UNGUARDED_AVAILABILITY = YES_AGGRESSIVE;
				CLANG_WARN_UNREACHABLE_CODE = YES;
				CLANG_WARN__DUPLICATE_METHOD_MATCH = YES;
				CODE_SIGN_IDENTITY = "iPhone Developer";
				COPY_PHASE_STRIP = NO;
				DEBUG_INFORMATION_FORMAT = "dwarf-with-dsym";
				ENABLE_NS_ASSERTIONS = NO;
				ENABLE_STRICT_OBJC_MSGSEND = YES;
				GCC_C_LANGUAGE_STANDARD = gnu11;
				GCC_NO_COMMON_BLOCKS = YES;
				GCC_WARN_64_TO_32_BIT_CONVERSION = YES;
				GCC_WARN_ABOUT_RETURN_TYPE = YES_ERROR;
				GCC_WARN_UNDECLARED_SELECTOR = YES;
				GCC_WARN_UNINITIALIZED_AUTOS = YES_AGGRESSIVE;
				GCC_WARN_UNUSED_FUNCTION = YES;
				GCC_WARN_UNUSED_VARIABLE = YES;
				IPHONEOS_DEPLOYMENT_TARGET = 12.2;
				MTL_ENABLE_DEBUG_INFO = NO;
				MTL_FAST_MATH = YES;
				SDKROOT = iphoneos;
				SWIFT_COMPILATION_MODE = wholemodule;
				SWIFT_OPTIMIZATION_LEVEL = "-O";
				VALIDATE_PRODUCT = YES;
			};
			name = Release;
		};
		18FAEB5022B80C5900A93250 /* Debug */ = {
			isa = XCBuildConfiguration;
			buildSettings = {
				ASSETCATALOG_COMPILER_APPICON_NAME = AppIcon;
				CODE_SIGN_STYLE = Automatic;
				INFOPLIST_FILE = "Git-Practice/Info.plist";
				LD_RUNPATH_SEARCH_PATHS = (
					"$(inherited)",
					"@executable_path/Frameworks",
				);
				PRODUCT_BUNDLE_IDENTIFIER = "Lauren-Ty.Git-Practice";
				PRODUCT_NAME = "$(TARGET_NAME)";
				SWIFT_VERSION = 5.0;
				TARGETED_DEVICE_FAMILY = "1,2";
			};
			name = Debug;
		};
		18FAEB5122B80C5900A93250 /* Release */ = {
			isa = XCBuildConfiguration;
			buildSettings = {
				ASSETCATALOG_COMPILER_APPICON_NAME = AppIcon;
				CODE_SIGN_STYLE = Automatic;
				INFOPLIST_FILE = "Git-Practice/Info.plist";
				LD_RUNPATH_SEARCH_PATHS = (
					"$(inherited)",
					"@executable_path/Frameworks",
				);
				PRODUCT_BUNDLE_IDENTIFIER = "Lauren-Ty.Git-Practice";
				PRODUCT_NAME = "$(TARGET_NAME)";
				SWIFT_VERSION = 5.0;
				TARGETED_DEVICE_FAMILY = "1,2";
			};
			name = Release;
		};
		18FAEB5322B80C5900A93250 /* Debug */ = {
			isa = XCBuildConfiguration;
			buildSettings = {
				ALWAYS_EMBED_SWIFT_STANDARD_LIBRARIES = YES;
				BUNDLE_LOADER = "$(TEST_HOST)";
				CODE_SIGN_STYLE = Automatic;
				INFOPLIST_FILE = "Git-PracticeTests/Info.plist";
				LD_RUNPATH_SEARCH_PATHS = (
					"$(inherited)",
					"@executable_path/Frameworks",
					"@loader_path/Frameworks",
				);
				PRODUCT_BUNDLE_IDENTIFIER = "Lauren-Ty.Git-PracticeTests";
				PRODUCT_NAME = "$(TARGET_NAME)";
				SWIFT_VERSION = 5.0;
				TARGETED_DEVICE_FAMILY = "1,2";
				TEST_HOST = "$(BUILT_PRODUCTS_DIR)/Git-Practice.app/Git-Practice";
			};
			name = Debug;
		};
		18FAEB5422B80C5900A93250 /* Release */ = {
			isa = XCBuildConfiguration;
			buildSettings = {
				ALWAYS_EMBED_SWIFT_STANDARD_LIBRARIES = YES;
				BUNDLE_LOADER = "$(TEST_HOST)";
				CODE_SIGN_STYLE = Automatic;
				INFOPLIST_FILE = "Git-PracticeTests/Info.plist";
				LD_RUNPATH_SEARCH_PATHS = (
					"$(inherited)",
					"@executable_path/Frameworks",
					"@loader_path/Frameworks",
				);
				PRODUCT_BUNDLE_IDENTIFIER = "Lauren-Ty.Git-PracticeTests";
				PRODUCT_NAME = "$(TARGET_NAME)";
				SWIFT_VERSION = 5.0;
				TARGETED_DEVICE_FAMILY = "1,2";
				TEST_HOST = "$(BUILT_PRODUCTS_DIR)/Git-Practice.app/Git-Practice";
			};
			name = Release;
		};
		18FAEB5622B80C5900A93250 /* Debug */ = {
			isa = XCBuildConfiguration;
			buildSettings = {
				ALWAYS_EMBED_SWIFT_STANDARD_LIBRARIES = YES;
				CODE_SIGN_STYLE = Automatic;
				INFOPLIST_FILE = "Git-PracticeUITests/Info.plist";
				LD_RUNPATH_SEARCH_PATHS = (
					"$(inherited)",
					"@executable_path/Frameworks",
					"@loader_path/Frameworks",
				);
				PRODUCT_BUNDLE_IDENTIFIER = "Lauren-Ty.Git-PracticeUITests";
				PRODUCT_NAME = "$(TARGET_NAME)";
				SWIFT_VERSION = 5.0;
				TARGETED_DEVICE_FAMILY = "1,2";
				TEST_TARGET_NAME = "Git-Practice";
			};
			name = Debug;
		};
		18FAEB5722B80C5900A93250 /* Release */ = {
			isa = XCBuildConfiguration;
			buildSettings = {
				ALWAYS_EMBED_SWIFT_STANDARD_LIBRARIES = YES;
				CODE_SIGN_STYLE = Automatic;
				INFOPLIST_FILE = "Git-PracticeUITests/Info.plist";
				LD_RUNPATH_SEARCH_PATHS = (
					"$(inherited)",
					"@executable_path/Frameworks",
					"@loader_path/Frameworks",
				);
				PRODUCT_BUNDLE_IDENTIFIER = "Lauren-Ty.Git-PracticeUITests";
				PRODUCT_NAME = "$(TARGET_NAME)";
				SWIFT_VERSION = 5.0;
				TARGETED_DEVICE_FAMILY = "1,2";
				TEST_TARGET_NAME = "Git-Practice";
			};
			name = Release;
		};
/* End XCBuildConfiguration section */

/* Begin XCConfigurationList section */
		18FAEB2222B80C5600A93250 /* Build configuration list for PBXProject "Git-Practice" */ = {
			isa = XCConfigurationList;
			buildConfigurations = (
				18FAEB4D22B80C5900A93250 /* Debug */,
				18FAEB4E22B80C5900A93250 /* Release */,
			);
			defaultConfigurationIsVisible = 0;
			defaultConfigurationName = Release;
		};
		18FAEB4F22B80C5900A93250 /* Build configuration list for PBXNativeTarget "Git-Practice" */ = {
			isa = XCConfigurationList;
			buildConfigurations = (
				18FAEB5022B80C5900A93250 /* Debug */,
				18FAEB5122B80C5900A93250 /* Release */,
			);
			defaultConfigurationIsVisible = 0;
			defaultConfigurationName = Release;
		};
		18FAEB5222B80C5900A93250 /* Build configuration list for PBXNativeTarget "Git-PracticeTests" */ = {
			isa = XCConfigurationList;
			buildConfigurations = (
				18FAEB5322B80C5900A93250 /* Debug */,
				18FAEB5422B80C5900A93250 /* Release */,
			);
			defaultConfigurationIsVisible = 0;
			defaultConfigurationName = Release;
		};
		18FAEB5522B80C5900A93250 /* Build configuration list for PBXNativeTarget "Git-PracticeUITests" */ = {
			isa = XCConfigurationList;
			buildConfigurations = (
				18FAEB5622B80C5900A93250 /* Debug */,
				18FAEB5722B80C5900A93250 /* Release */,
			);
			defaultConfigurationIsVisible = 0;
			defaultConfigurationName = Release;
		};
/* End XCConfigurationList section */
	};
	rootObject = 18FAEB1F22B80C5600A93250 /* Project object */;
}
